// !$*UTF8*$!
{
	archiveVersion = 1;
	classes = {
	};
	objectVersion = 50;
	objects = {

/* Begin PBXBuildFile section */
		C218FCF3251B5A6A002F9C68 /* Splash.storyboard in Resources */ = {isa = PBXBuildFile; fileRef = C218FCEC251B5A6A002F9C68 /* Splash.storyboard */; };
		C218FCF4251B5A6A002F9C68 /* SplashPresenter.swift in Sources */ = {isa = PBXBuildFile; fileRef = C218FCED251B5A6A002F9C68 /* SplashPresenter.swift */; };
		C218FCF5251B5A6A002F9C68 /* SplashWorker.swift in Sources */ = {isa = PBXBuildFile; fileRef = C218FCEE251B5A6A002F9C68 /* SplashWorker.swift */; };
		C218FCF6251B5A6A002F9C68 /* SplashRouter.swift in Sources */ = {isa = PBXBuildFile; fileRef = C218FCEF251B5A6A002F9C68 /* SplashRouter.swift */; };
		C218FCF7251B5A6A002F9C68 /* SplashModels.swift in Sources */ = {isa = PBXBuildFile; fileRef = C218FCF0251B5A6A002F9C68 /* SplashModels.swift */; };
		C218FCF8251B5A6A002F9C68 /* SplashViewController.swift in Sources */ = {isa = PBXBuildFile; fileRef = C218FCF1251B5A6A002F9C68 /* SplashViewController.swift */; };
		C218FCF9251B5A6A002F9C68 /* SplashInteractor.swift in Sources */ = {isa = PBXBuildFile; fileRef = C218FCF2251B5A6A002F9C68 /* SplashInteractor.swift */; };
		C218FCFC251B5B81002F9C68 /* SplashConfigurator.swift in Sources */ = {isa = PBXBuildFile; fileRef = C218FCFB251B5B81002F9C68 /* SplashConfigurator.swift */; };
		C218FD05251B8D1A002F9C68 /* ActivityIndicator.swift in Sources */ = {isa = PBXBuildFile; fileRef = C218FD04251B8D1A002F9C68 /* ActivityIndicator.swift */; };
		C222F657252203DF0080D7DA /* PostListCollectionViewFooterView.swift in Sources */ = {isa = PBXBuildFile; fileRef = C222F656252203DF0080D7DA /* PostListCollectionViewFooterView.swift */; };
		C2278E7C249E2FD100D9D582 /* UIView+adds.swift in Sources */ = {isa = PBXBuildFile; fileRef = C2278E7B249E2FD100D9D582 /* UIView+adds.swift */; };
		C2278E7E249E3AF700D9D582 /* Data+adds.swift in Sources */ = {isa = PBXBuildFile; fileRef = C2278E7D249E3AF700D9D582 /* Data+adds.swift */; };
		C2278E86249E77C200D9D582 /* PostListCollectionViewCell.swift in Sources */ = {isa = PBXBuildFile; fileRef = C2278E85249E77C200D9D582 /* PostListCollectionViewCell.swift */; };
		C2278E88249E783D00D9D582 /* PostListCollectionView.swift in Sources */ = {isa = PBXBuildFile; fileRef = C2278E87249E783D00D9D582 /* PostListCollectionView.swift */; };
		C2278E8A249E821900D9D582 /* String+adds.swift in Sources */ = {isa = PBXBuildFile; fileRef = C2278E89249E821900D9D582 /* String+adds.swift */; };
		C23261E724D5CA7F00F670EE /* SignUpPresenter.swift in Sources */ = {isa = PBXBuildFile; fileRef = C23261E024D5CA7F00F670EE /* SignUpPresenter.swift */; };
		C23261E824D5CA7F00F670EE /* SignUpWorker.swift in Sources */ = {isa = PBXBuildFile; fileRef = C23261E124D5CA7F00F670EE /* SignUpWorker.swift */; };
		C23261E924D5CA7F00F670EE /* SignUpRouter.swift in Sources */ = {isa = PBXBuildFile; fileRef = C23261E224D5CA7F00F670EE /* SignUpRouter.swift */; };
		C23261EA24D5CA7F00F670EE /* SignUpModels.swift in Sources */ = {isa = PBXBuildFile; fileRef = C23261E324D5CA7F00F670EE /* SignUpModels.swift */; };
		C23261EB24D5CA7F00F670EE /* SignUpViewController.swift in Sources */ = {isa = PBXBuildFile; fileRef = C23261E424D5CA7F00F670EE /* SignUpViewController.swift */; };
		C23261EC24D5CA7F00F670EE /* SignUpInteractor.swift in Sources */ = {isa = PBXBuildFile; fileRef = C23261E524D5CA7F00F670EE /* SignUpInteractor.swift */; };
		C23261EE24D5D2AA00F670EE /* SignUpConfigurator.swift in Sources */ = {isa = PBXBuildFile; fileRef = C23261ED24D5D2AA00F670EE /* SignUpConfigurator.swift */; };
		C23261F024D5D73B00F670EE /* Collection+safe.swift in Sources */ = {isa = PBXBuildFile; fileRef = C23261EF24D5D73B00F670EE /* Collection+safe.swift */; };
		C2345BEE24B4F15200125976 /* LoginPresenter.swift in Sources */ = {isa = PBXBuildFile; fileRef = C2345BE724B4F15100125976 /* LoginPresenter.swift */; };
		C2345BEF24B4F15200125976 /* LoginWorker.swift in Sources */ = {isa = PBXBuildFile; fileRef = C2345BE824B4F15100125976 /* LoginWorker.swift */; };
		C2345BF024B4F15200125976 /* LoginRouter.swift in Sources */ = {isa = PBXBuildFile; fileRef = C2345BE924B4F15100125976 /* LoginRouter.swift */; };
		C2345BF124B4F15200125976 /* LoginModels.swift in Sources */ = {isa = PBXBuildFile; fileRef = C2345BEA24B4F15100125976 /* LoginModels.swift */; };
		C2345BF224B4F15200125976 /* LoginViewController.swift in Sources */ = {isa = PBXBuildFile; fileRef = C2345BEB24B4F15100125976 /* LoginViewController.swift */; };
		C2345BF324B4F15200125976 /* LoginInteractor.swift in Sources */ = {isa = PBXBuildFile; fileRef = C2345BEC24B4F15200125976 /* LoginInteractor.swift */; };
		C2345BF624B4F17100125976 /* LoginConfigurator.swift in Sources */ = {isa = PBXBuildFile; fileRef = C2345BF524B4F17100125976 /* LoginConfigurator.swift */; };
		C2386F7D249DF6EB0076AED3 /* AppDelegate.swift in Sources */ = {isa = PBXBuildFile; fileRef = C2386F7C249DF6EB0076AED3 /* AppDelegate.swift */; };
		C2386F7F249DF6EB0076AED3 /* SceneDelegate.swift in Sources */ = {isa = PBXBuildFile; fileRef = C2386F7E249DF6EB0076AED3 /* SceneDelegate.swift */; };
		C2386F81249DF6EB0076AED3 /* ViewController.swift in Sources */ = {isa = PBXBuildFile; fileRef = C2386F80249DF6EB0076AED3 /* ViewController.swift */; };
		C2386F84249DF6EB0076AED3 /* Main.storyboard in Resources */ = {isa = PBXBuildFile; fileRef = C2386F82249DF6EB0076AED3 /* Main.storyboard */; };
		C2386F86249DF6EC0076AED3 /* Assets.xcassets in Resources */ = {isa = PBXBuildFile; fileRef = C2386F85249DF6EC0076AED3 /* Assets.xcassets */; };
		C2386F89249DF6EC0076AED3 /* LaunchScreen.storyboard in Resources */ = {isa = PBXBuildFile; fileRef = C2386F87249DF6EC0076AED3 /* LaunchScreen.storyboard */; };
		C2386F93249DF8800076AED3 /* Headers.swift in Sources */ = {isa = PBXBuildFile; fileRef = C2386F92249DF8800076AED3 /* Headers.swift */; };
		C2386F95249E03760076AED3 /* Bodies.swift in Sources */ = {isa = PBXBuildFile; fileRef = C2386F94249E03760076AED3 /* Bodies.swift */; };
		C2386F9A249E06740076AED3 /* Request.swift in Sources */ = {isa = PBXBuildFile; fileRef = C2386F99249E06740076AED3 /* Request.swift */; };
		C2386F9C249E06AE0076AED3 /* Server.swift in Sources */ = {isa = PBXBuildFile; fileRef = C2386F9B249E06AE0076AED3 /* Server.swift */; };
		C2386F9E249E09550076AED3 /* NetService.swift in Sources */ = {isa = PBXBuildFile; fileRef = C2386F9D249E09550076AED3 /* NetService.swift */; };
		C2386FA7249E09B50076AED3 /* PostList.storyboard in Resources */ = {isa = PBXBuildFile; fileRef = C2386FA0249E09B50076AED3 /* PostList.storyboard */; };
		C2386FA8249E09B50076AED3 /* PostListPresenter.swift in Sources */ = {isa = PBXBuildFile; fileRef = C2386FA1249E09B50076AED3 /* PostListPresenter.swift */; };
		C2386FA9249E09B50076AED3 /* PostListWorker.swift in Sources */ = {isa = PBXBuildFile; fileRef = C2386FA2249E09B50076AED3 /* PostListWorker.swift */; };
		C2386FAA249E09B50076AED3 /* PostListRouter.swift in Sources */ = {isa = PBXBuildFile; fileRef = C2386FA3249E09B50076AED3 /* PostListRouter.swift */; };
		C2386FAB249E09B50076AED3 /* PostListModels.swift in Sources */ = {isa = PBXBuildFile; fileRef = C2386FA4249E09B50076AED3 /* PostListModels.swift */; };
		C2386FAC249E09B50076AED3 /* PostListViewController.swift in Sources */ = {isa = PBXBuildFile; fileRef = C2386FA5249E09B50076AED3 /* PostListViewController.swift */; };
		C2386FAD249E09B50076AED3 /* PostListInteractor.swift in Sources */ = {isa = PBXBuildFile; fileRef = C2386FA6249E09B50076AED3 /* PostListInteractor.swift */; };
		C2386FAF249E09CB0076AED3 /* PostListConfigurator.swift in Sources */ = {isa = PBXBuildFile; fileRef = C2386FAE249E09CB0076AED3 /* PostListConfigurator.swift */; };
		C23ACCAE24B9B62D00882E07 /* UserDefaults+adds.swift in Sources */ = {isa = PBXBuildFile; fileRef = C23ACCAD24B9B62D00882E07 /* UserDefaults+adds.swift */; };
		C23D496B24AA4905007AEE32 /* PostCommentsCollectionViewCell.swift in Sources */ = {isa = PBXBuildFile; fileRef = C23D496A24AA4905007AEE32 /* PostCommentsCollectionViewCell.swift */; };
		C268CDB124A9290800949C4D /* PostCommentsPresenter.swift in Sources */ = {isa = PBXBuildFile; fileRef = C268CDAA24A9290800949C4D /* PostCommentsPresenter.swift */; };
		C268CDB224A9290800949C4D /* PostCommentsWorker.swift in Sources */ = {isa = PBXBuildFile; fileRef = C268CDAB24A9290800949C4D /* PostCommentsWorker.swift */; };
		C268CDB324A9290800949C4D /* PostCommentsRouter.swift in Sources */ = {isa = PBXBuildFile; fileRef = C268CDAC24A9290800949C4D /* PostCommentsRouter.swift */; };
		C268CDB424A9290800949C4D /* PostCommentsModels.swift in Sources */ = {isa = PBXBuildFile; fileRef = C268CDAD24A9290800949C4D /* PostCommentsModels.swift */; };
		C268CDB524A9290800949C4D /* PostCommentsViewController.swift in Sources */ = {isa = PBXBuildFile; fileRef = C268CDAE24A9290800949C4D /* PostCommentsViewController.swift */; };
		C268CDB624A9290800949C4D /* PostCommentsInteractor.swift in Sources */ = {isa = PBXBuildFile; fileRef = C268CDAF24A9290800949C4D /* PostCommentsInteractor.swift */; };
		C268CDB824A9292300949C4D /* PostCommentsConfigurator.swift in Sources */ = {isa = PBXBuildFile; fileRef = C268CDB724A9292300949C4D /* PostCommentsConfigurator.swift */; };
		C268CDBF24A929E900949C4D /* PostCommentsCollectionView.swift in Sources */ = {isa = PBXBuildFile; fileRef = C268CDBE24A929E900949C4D /* PostCommentsCollectionView.swift */; };
		C268CDC124A9380200949C4D /* BadgeBarButton.swift in Sources */ = {isa = PBXBuildFile; fileRef = C268CDC024A9380200949C4D /* BadgeBarButton.swift */; };
		C2765B9C24A11F1A008888B0 /* Post.storyboard in Resources */ = {isa = PBXBuildFile; fileRef = C2765B9524A11F1A008888B0 /* Post.storyboard */; };
		C2765B9D24A11F1A008888B0 /* PostPresenter.swift in Sources */ = {isa = PBXBuildFile; fileRef = C2765B9624A11F1A008888B0 /* PostPresenter.swift */; };
		C2765B9E24A11F1A008888B0 /* PostWorker.swift in Sources */ = {isa = PBXBuildFile; fileRef = C2765B9724A11F1A008888B0 /* PostWorker.swift */; };
		C2765B9F24A11F1A008888B0 /* PostRouter.swift in Sources */ = {isa = PBXBuildFile; fileRef = C2765B9824A11F1A008888B0 /* PostRouter.swift */; };
		C2765BA024A11F1A008888B0 /* PostModels.swift in Sources */ = {isa = PBXBuildFile; fileRef = C2765B9924A11F1A008888B0 /* PostModels.swift */; };
		C2765BA224A11F1A008888B0 /* PostInteractor.swift in Sources */ = {isa = PBXBuildFile; fileRef = C2765B9B24A11F1A008888B0 /* PostInteractor.swift */; };
		C2765BB224A11F59008888B0 /* PostConfigurator.swift in Sources */ = {isa = PBXBuildFile; fileRef = C2765BB124A11F59008888B0 /* PostConfigurator.swift */; };
		C29A6C9924D46CF900040FF6 /* UITextField+adds.swift in Sources */ = {isa = PBXBuildFile; fileRef = C29A6C9824D46CF900040FF6 /* UITextField+adds.swift */; };
		C2A5B9EB24B364C8004BE928 /* CommentInputtextView.swift in Sources */ = {isa = PBXBuildFile; fileRef = C2A5B9EA24B364C8004BE928 /* CommentInputtextView.swift */; };
		C2A5B9ED24B36545004BE928 /* CommentInputAccessoryView.swift in Sources */ = {isa = PBXBuildFile; fileRef = C2A5B9EC24B36545004BE928 /* CommentInputAccessoryView.swift */; };
		C2A5B9EF24B37B20004BE928 /* UIViewController.swift in Sources */ = {isa = PBXBuildFile; fileRef = C2A5B9EE24B37B20004BE928 /* UIViewController.swift */; };
		C2ACD5C1251E254900204696 /* CustomTextView.swift in Sources */ = {isa = PBXBuildFile; fileRef = C2ACD5C0251E254900204696 /* CustomTextView.swift */; };
		C2BCF43224AB67E8008C28FD /* PostCommentRepliesPresenter.swift in Sources */ = {isa = PBXBuildFile; fileRef = C2BCF42B24AB67E8008C28FD /* PostCommentRepliesPresenter.swift */; };
		C2BCF43324AB67E8008C28FD /* PostCommentRepliesWorker.swift in Sources */ = {isa = PBXBuildFile; fileRef = C2BCF42C24AB67E8008C28FD /* PostCommentRepliesWorker.swift */; };
		C2BCF43424AB67E8008C28FD /* PostCommentRepliesRouter.swift in Sources */ = {isa = PBXBuildFile; fileRef = C2BCF42D24AB67E8008C28FD /* PostCommentRepliesRouter.swift */; };
		C2BCF43524AB67E8008C28FD /* PostCommentRepliesModels.swift in Sources */ = {isa = PBXBuildFile; fileRef = C2BCF42E24AB67E8008C28FD /* PostCommentRepliesModels.swift */; };
		C2BCF43624AB67E8008C28FD /* PostCommentRepliesViewController.swift in Sources */ = {isa = PBXBuildFile; fileRef = C2BCF42F24AB67E8008C28FD /* PostCommentRepliesViewController.swift */; };
		C2BCF43724AB67E8008C28FD /* PostCommentRepliesInteractor.swift in Sources */ = {isa = PBXBuildFile; fileRef = C2BCF43024AB67E8008C28FD /* PostCommentRepliesInteractor.swift */; };
		C2BCF43924AB68D9008C28FD /* PostCommentRepliesConfigurator.swift in Sources */ = {isa = PBXBuildFile; fileRef = C2BCF43824AB68D9008C28FD /* PostCommentRepliesConfigurator.swift */; };
		C2BCF43C24AB80A4008C28FD /* RepliesCollectionView.swift in Sources */ = {isa = PBXBuildFile; fileRef = C2BCF43B24AB80A4008C28FD /* RepliesCollectionView.swift */; };
		C2BCF43E24AB80B2008C28FD /* RepliesCollectionViewCell.swift in Sources */ = {isa = PBXBuildFile; fileRef = C2BCF43D24AB80B2008C28FD /* RepliesCollectionViewCell.swift */; };
		C2C31A52249F5879002AAB91 /* WebImageView.swift in Sources */ = {isa = PBXBuildFile; fileRef = C2C31A51249F5879002AAB91 /* WebImageView.swift */; };
		C2C31A54249F68AB002AAB91 /* UIImageView+adds.swift in Sources */ = {isa = PBXBuildFile; fileRef = C2C31A53249F68AB002AAB91 /* UIImageView+adds.swift */; };
		C2D6691E24A3B6F900F6731F /* UITextView+adds.swift in Sources */ = {isa = PBXBuildFile; fileRef = C2D6691D24A3B6F900F6731F /* UITextView+adds.swift */; };
		C2D6692024A3C3E600F6731F /* PostViewController.swift in Sources */ = {isa = PBXBuildFile; fileRef = C2D6691F24A3C3E600F6731F /* PostViewController.swift */; };
		C2D6756D2523742E001CE5AE /* UIColor+adds.swift in Sources */ = {isa = PBXBuildFile; fileRef = C2D6756C2523742E001CE5AE /* UIColor+adds.swift */; };
		C2EBC71E24D02F870066113D /* NetManager.swift in Sources */ = {isa = PBXBuildFile; fileRef = C2EBC71D24D02F870066113D /* NetManager.swift */; };
/* End PBXBuildFile section */

/* Begin PBXFileReference section */
		C218FCEC251B5A6A002F9C68 /* Splash.storyboard */ = {isa = PBXFileReference; lastKnownFileType = file.storyboard; path = Splash.storyboard; sourceTree = "<group>"; };
		C218FCED251B5A6A002F9C68 /* SplashPresenter.swift */ = {isa = PBXFileReference; lastKnownFileType = sourcecode.swift; path = SplashPresenter.swift; sourceTree = "<group>"; };
		C218FCEE251B5A6A002F9C68 /* SplashWorker.swift */ = {isa = PBXFileReference; lastKnownFileType = sourcecode.swift; path = SplashWorker.swift; sourceTree = "<group>"; };
		C218FCEF251B5A6A002F9C68 /* SplashRouter.swift */ = {isa = PBXFileReference; lastKnownFileType = sourcecode.swift; path = SplashRouter.swift; sourceTree = "<group>"; };
		C218FCF0251B5A6A002F9C68 /* SplashModels.swift */ = {isa = PBXFileReference; lastKnownFileType = sourcecode.swift; path = SplashModels.swift; sourceTree = "<group>"; };
		C218FCF1251B5A6A002F9C68 /* SplashViewController.swift */ = {isa = PBXFileReference; lastKnownFileType = sourcecode.swift; path = SplashViewController.swift; sourceTree = "<group>"; };
		C218FCF2251B5A6A002F9C68 /* SplashInteractor.swift */ = {isa = PBXFileReference; lastKnownFileType = sourcecode.swift; path = SplashInteractor.swift; sourceTree = "<group>"; };
		C218FCFB251B5B81002F9C68 /* SplashConfigurator.swift */ = {isa = PBXFileReference; lastKnownFileType = sourcecode.swift; path = SplashConfigurator.swift; sourceTree = "<group>"; };
		C218FD04251B8D1A002F9C68 /* ActivityIndicator.swift */ = {isa = PBXFileReference; lastKnownFileType = sourcecode.swift; path = ActivityIndicator.swift; sourceTree = "<group>"; };
		C222F656252203DF0080D7DA /* PostListCollectionViewFooterView.swift */ = {isa = PBXFileReference; lastKnownFileType = sourcecode.swift; path = PostListCollectionViewFooterView.swift; sourceTree = "<group>"; };
		C2278E7B249E2FD100D9D582 /* UIView+adds.swift */ = {isa = PBXFileReference; lastKnownFileType = sourcecode.swift; path = "UIView+adds.swift"; sourceTree = "<group>"; };
		C2278E7D249E3AF700D9D582 /* Data+adds.swift */ = {isa = PBXFileReference; lastKnownFileType = sourcecode.swift; path = "Data+adds.swift"; sourceTree = "<group>"; };
		C2278E85249E77C200D9D582 /* PostListCollectionViewCell.swift */ = {isa = PBXFileReference; lastKnownFileType = sourcecode.swift; path = PostListCollectionViewCell.swift; sourceTree = "<group>"; };
		C2278E87249E783D00D9D582 /* PostListCollectionView.swift */ = {isa = PBXFileReference; lastKnownFileType = sourcecode.swift; path = PostListCollectionView.swift; sourceTree = "<group>"; };
		C2278E89249E821900D9D582 /* String+adds.swift */ = {isa = PBXFileReference; lastKnownFileType = sourcecode.swift; path = "String+adds.swift"; sourceTree = "<group>"; };
		C23261E024D5CA7F00F670EE /* SignUpPresenter.swift */ = {isa = PBXFileReference; lastKnownFileType = sourcecode.swift; path = SignUpPresenter.swift; sourceTree = "<group>"; };
		C23261E124D5CA7F00F670EE /* SignUpWorker.swift */ = {isa = PBXFileReference; lastKnownFileType = sourcecode.swift; path = SignUpWorker.swift; sourceTree = "<group>"; };
		C23261E224D5CA7F00F670EE /* SignUpRouter.swift */ = {isa = PBXFileReference; lastKnownFileType = sourcecode.swift; path = SignUpRouter.swift; sourceTree = "<group>"; };
		C23261E324D5CA7F00F670EE /* SignUpModels.swift */ = {isa = PBXFileReference; lastKnownFileType = sourcecode.swift; path = SignUpModels.swift; sourceTree = "<group>"; };
		C23261E424D5CA7F00F670EE /* SignUpViewController.swift */ = {isa = PBXFileReference; lastKnownFileType = sourcecode.swift; path = SignUpViewController.swift; sourceTree = "<group>"; };
		C23261E524D5CA7F00F670EE /* SignUpInteractor.swift */ = {isa = PBXFileReference; lastKnownFileType = sourcecode.swift; path = SignUpInteractor.swift; sourceTree = "<group>"; };
		C23261ED24D5D2AA00F670EE /* SignUpConfigurator.swift */ = {isa = PBXFileReference; lastKnownFileType = sourcecode.swift; path = SignUpConfigurator.swift; sourceTree = "<group>"; };
		C23261EF24D5D73B00F670EE /* Collection+safe.swift */ = {isa = PBXFileReference; lastKnownFileType = sourcecode.swift; path = "Collection+safe.swift"; sourceTree = "<group>"; };
		C2345BE724B4F15100125976 /* LoginPresenter.swift */ = {isa = PBXFileReference; lastKnownFileType = sourcecode.swift; path = LoginPresenter.swift; sourceTree = "<group>"; };
		C2345BE824B4F15100125976 /* LoginWorker.swift */ = {isa = PBXFileReference; lastKnownFileType = sourcecode.swift; path = LoginWorker.swift; sourceTree = "<group>"; };
		C2345BE924B4F15100125976 /* LoginRouter.swift */ = {isa = PBXFileReference; lastKnownFileType = sourcecode.swift; path = LoginRouter.swift; sourceTree = "<group>"; };
		C2345BEA24B4F15100125976 /* LoginModels.swift */ = {isa = PBXFileReference; lastKnownFileType = sourcecode.swift; path = LoginModels.swift; sourceTree = "<group>"; };
		C2345BEB24B4F15100125976 /* LoginViewController.swift */ = {isa = PBXFileReference; lastKnownFileType = sourcecode.swift; path = LoginViewController.swift; sourceTree = "<group>"; };
		C2345BEC24B4F15200125976 /* LoginInteractor.swift */ = {isa = PBXFileReference; lastKnownFileType = sourcecode.swift; path = LoginInteractor.swift; sourceTree = "<group>"; };
		C2345BF524B4F17100125976 /* LoginConfigurator.swift */ = {isa = PBXFileReference; lastKnownFileType = sourcecode.swift; path = LoginConfigurator.swift; sourceTree = "<group>"; };
		C2386F79249DF6EB0076AED3 /* Livsy.app */ = {isa = PBXFileReference; explicitFileType = wrapper.application; includeInIndex = 0; path = Livsy.app; sourceTree = BUILT_PRODUCTS_DIR; };
		C2386F7C249DF6EB0076AED3 /* AppDelegate.swift */ = {isa = PBXFileReference; lastKnownFileType = sourcecode.swift; path = AppDelegate.swift; sourceTree = "<group>"; };
		C2386F7E249DF6EB0076AED3 /* SceneDelegate.swift */ = {isa = PBXFileReference; lastKnownFileType = sourcecode.swift; path = SceneDelegate.swift; sourceTree = "<group>"; };
		C2386F80249DF6EB0076AED3 /* ViewController.swift */ = {isa = PBXFileReference; lastKnownFileType = sourcecode.swift; path = ViewController.swift; sourceTree = "<group>"; };
		C2386F83249DF6EB0076AED3 /* Base */ = {isa = PBXFileReference; lastKnownFileType = file.storyboard; name = Base; path = Base.lproj/Main.storyboard; sourceTree = "<group>"; };
		C2386F85249DF6EC0076AED3 /* Assets.xcassets */ = {isa = PBXFileReference; lastKnownFileType = folder.assetcatalog; path = Assets.xcassets; sourceTree = "<group>"; };
		C2386F88249DF6EC0076AED3 /* Base */ = {isa = PBXFileReference; lastKnownFileType = file.storyboard; name = Base; path = Base.lproj/LaunchScreen.storyboard; sourceTree = "<group>"; };
		C2386F8A249DF6EC0076AED3 /* Info.plist */ = {isa = PBXFileReference; lastKnownFileType = text.plist.xml; path = Info.plist; sourceTree = "<group>"; };
		C2386F92249DF8800076AED3 /* Headers.swift */ = {isa = PBXFileReference; lastKnownFileType = sourcecode.swift; path = Headers.swift; sourceTree = "<group>"; };
		C2386F94249E03760076AED3 /* Bodies.swift */ = {isa = PBXFileReference; lastKnownFileType = sourcecode.swift; path = Bodies.swift; sourceTree = "<group>"; };
		C2386F99249E06740076AED3 /* Request.swift */ = {isa = PBXFileReference; lastKnownFileType = sourcecode.swift; path = Request.swift; sourceTree = "<group>"; };
		C2386F9B249E06AE0076AED3 /* Server.swift */ = {isa = PBXFileReference; lastKnownFileType = sourcecode.swift; path = Server.swift; sourceTree = "<group>"; };
		C2386F9D249E09550076AED3 /* NetService.swift */ = {isa = PBXFileReference; lastKnownFileType = sourcecode.swift; path = NetService.swift; sourceTree = "<group>"; };
		C2386FA0249E09B50076AED3 /* PostList.storyboard */ = {isa = PBXFileReference; lastKnownFileType = file.storyboard; path = PostList.storyboard; sourceTree = "<group>"; };
		C2386FA1249E09B50076AED3 /* PostListPresenter.swift */ = {isa = PBXFileReference; lastKnownFileType = sourcecode.swift; path = PostListPresenter.swift; sourceTree = "<group>"; };
		C2386FA2249E09B50076AED3 /* PostListWorker.swift */ = {isa = PBXFileReference; lastKnownFileType = sourcecode.swift; path = PostListWorker.swift; sourceTree = "<group>"; };
		C2386FA3249E09B50076AED3 /* PostListRouter.swift */ = {isa = PBXFileReference; lastKnownFileType = sourcecode.swift; path = PostListRouter.swift; sourceTree = "<group>"; };
		C2386FA4249E09B50076AED3 /* PostListModels.swift */ = {isa = PBXFileReference; lastKnownFileType = sourcecode.swift; path = PostListModels.swift; sourceTree = "<group>"; };
		C2386FA5249E09B50076AED3 /* PostListViewController.swift */ = {isa = PBXFileReference; lastKnownFileType = sourcecode.swift; path = PostListViewController.swift; sourceTree = "<group>"; };
		C2386FA6249E09B50076AED3 /* PostListInteractor.swift */ = {isa = PBXFileReference; lastKnownFileType = sourcecode.swift; path = PostListInteractor.swift; sourceTree = "<group>"; };
		C2386FAE249E09CB0076AED3 /* PostListConfigurator.swift */ = {isa = PBXFileReference; lastKnownFileType = sourcecode.swift; path = PostListConfigurator.swift; sourceTree = "<group>"; };
		C23ACCAD24B9B62D00882E07 /* UserDefaults+adds.swift */ = {isa = PBXFileReference; lastKnownFileType = sourcecode.swift; path = "UserDefaults+adds.swift"; sourceTree = "<group>"; };
		C23D496A24AA4905007AEE32 /* PostCommentsCollectionViewCell.swift */ = {isa = PBXFileReference; lastKnownFileType = sourcecode.swift; path = PostCommentsCollectionViewCell.swift; sourceTree = "<group>"; };
		C268CDAA24A9290800949C4D /* PostCommentsPresenter.swift */ = {isa = PBXFileReference; lastKnownFileType = sourcecode.swift; path = PostCommentsPresenter.swift; sourceTree = "<group>"; };
		C268CDAB24A9290800949C4D /* PostCommentsWorker.swift */ = {isa = PBXFileReference; lastKnownFileType = sourcecode.swift; path = PostCommentsWorker.swift; sourceTree = "<group>"; };
		C268CDAC24A9290800949C4D /* PostCommentsRouter.swift */ = {isa = PBXFileReference; lastKnownFileType = sourcecode.swift; path = PostCommentsRouter.swift; sourceTree = "<group>"; };
		C268CDAD24A9290800949C4D /* PostCommentsModels.swift */ = {isa = PBXFileReference; lastKnownFileType = sourcecode.swift; path = PostCommentsModels.swift; sourceTree = "<group>"; };
		C268CDAE24A9290800949C4D /* PostCommentsViewController.swift */ = {isa = PBXFileReference; lastKnownFileType = sourcecode.swift; path = PostCommentsViewController.swift; sourceTree = "<group>"; };
		C268CDAF24A9290800949C4D /* PostCommentsInteractor.swift */ = {isa = PBXFileReference; lastKnownFileType = sourcecode.swift; path = PostCommentsInteractor.swift; sourceTree = "<group>"; };
		C268CDB724A9292300949C4D /* PostCommentsConfigurator.swift */ = {isa = PBXFileReference; lastKnownFileType = sourcecode.swift; path = PostCommentsConfigurator.swift; sourceTree = "<group>"; };
		C268CDBE24A929E900949C4D /* PostCommentsCollectionView.swift */ = {isa = PBXFileReference; lastKnownFileType = sourcecode.swift; path = PostCommentsCollectionView.swift; sourceTree = "<group>"; };
		C268CDC024A9380200949C4D /* BadgeBarButton.swift */ = {isa = PBXFileReference; lastKnownFileType = sourcecode.swift; path = BadgeBarButton.swift; sourceTree = "<group>"; };
		C2765B9524A11F1A008888B0 /* Post.storyboard */ = {isa = PBXFileReference; lastKnownFileType = file.storyboard; path = Post.storyboard; sourceTree = "<group>"; };
		C2765B9624A11F1A008888B0 /* PostPresenter.swift */ = {isa = PBXFileReference; lastKnownFileType = sourcecode.swift; path = PostPresenter.swift; sourceTree = "<group>"; };
		C2765B9724A11F1A008888B0 /* PostWorker.swift */ = {isa = PBXFileReference; lastKnownFileType = sourcecode.swift; path = PostWorker.swift; sourceTree = "<group>"; };
		C2765B9824A11F1A008888B0 /* PostRouter.swift */ = {isa = PBXFileReference; lastKnownFileType = sourcecode.swift; path = PostRouter.swift; sourceTree = "<group>"; };
		C2765B9924A11F1A008888B0 /* PostModels.swift */ = {isa = PBXFileReference; lastKnownFileType = sourcecode.swift; path = PostModels.swift; sourceTree = "<group>"; };
		C2765B9B24A11F1A008888B0 /* PostInteractor.swift */ = {isa = PBXFileReference; lastKnownFileType = sourcecode.swift; path = PostInteractor.swift; sourceTree = "<group>"; };
		C2765BB124A11F59008888B0 /* PostConfigurator.swift */ = {isa = PBXFileReference; lastKnownFileType = sourcecode.swift; path = PostConfigurator.swift; sourceTree = "<group>"; };
		C29A6C9824D46CF900040FF6 /* UITextField+adds.swift */ = {isa = PBXFileReference; lastKnownFileType = sourcecode.swift; path = "UITextField+adds.swift"; sourceTree = "<group>"; };
		C2A5B9EA24B364C8004BE928 /* CommentInputtextView.swift */ = {isa = PBXFileReference; lastKnownFileType = sourcecode.swift; path = CommentInputtextView.swift; sourceTree = "<group>"; };
		C2A5B9EC24B36545004BE928 /* CommentInputAccessoryView.swift */ = {isa = PBXFileReference; lastKnownFileType = sourcecode.swift; path = CommentInputAccessoryView.swift; sourceTree = "<group>"; };
		C2A5B9EE24B37B20004BE928 /* UIViewController.swift */ = {isa = PBXFileReference; lastKnownFileType = sourcecode.swift; path = UIViewController.swift; sourceTree = "<group>"; };
		C2ACD5C0251E254900204696 /* CustomTextView.swift */ = {isa = PBXFileReference; lastKnownFileType = sourcecode.swift; path = CustomTextView.swift; sourceTree = "<group>"; };
		C2BCF42B24AB67E8008C28FD /* PostCommentRepliesPresenter.swift */ = {isa = PBXFileReference; lastKnownFileType = sourcecode.swift; path = PostCommentRepliesPresenter.swift; sourceTree = "<group>"; };
		C2BCF42C24AB67E8008C28FD /* PostCommentRepliesWorker.swift */ = {isa = PBXFileReference; lastKnownFileType = sourcecode.swift; path = PostCommentRepliesWorker.swift; sourceTree = "<group>"; };
		C2BCF42D24AB67E8008C28FD /* PostCommentRepliesRouter.swift */ = {isa = PBXFileReference; lastKnownFileType = sourcecode.swift; path = PostCommentRepliesRouter.swift; sourceTree = "<group>"; };
		C2BCF42E24AB67E8008C28FD /* PostCommentRepliesModels.swift */ = {isa = PBXFileReference; lastKnownFileType = sourcecode.swift; path = PostCommentRepliesModels.swift; sourceTree = "<group>"; };
		C2BCF42F24AB67E8008C28FD /* PostCommentRepliesViewController.swift */ = {isa = PBXFileReference; lastKnownFileType = sourcecode.swift; path = PostCommentRepliesViewController.swift; sourceTree = "<group>"; };
		C2BCF43024AB67E8008C28FD /* PostCommentRepliesInteractor.swift */ = {isa = PBXFileReference; lastKnownFileType = sourcecode.swift; path = PostCommentRepliesInteractor.swift; sourceTree = "<group>"; };
		C2BCF43824AB68D9008C28FD /* PostCommentRepliesConfigurator.swift */ = {isa = PBXFileReference; lastKnownFileType = sourcecode.swift; path = PostCommentRepliesConfigurator.swift; sourceTree = "<group>"; };
		C2BCF43B24AB80A4008C28FD /* RepliesCollectionView.swift */ = {isa = PBXFileReference; lastKnownFileType = sourcecode.swift; path = RepliesCollectionView.swift; sourceTree = "<group>"; };
		C2BCF43D24AB80B2008C28FD /* RepliesCollectionViewCell.swift */ = {isa = PBXFileReference; lastKnownFileType = sourcecode.swift; path = RepliesCollectionViewCell.swift; sourceTree = "<group>"; };
		C2C31A51249F5879002AAB91 /* WebImageView.swift */ = {isa = PBXFileReference; lastKnownFileType = sourcecode.swift; path = WebImageView.swift; sourceTree = "<group>"; };
		C2C31A53249F68AB002AAB91 /* UIImageView+adds.swift */ = {isa = PBXFileReference; lastKnownFileType = sourcecode.swift; path = "UIImageView+adds.swift"; sourceTree = "<group>"; };
		C2D6691D24A3B6F900F6731F /* UITextView+adds.swift */ = {isa = PBXFileReference; lastKnownFileType = sourcecode.swift; path = "UITextView+adds.swift"; sourceTree = "<group>"; };
		C2D6691F24A3C3E600F6731F /* PostViewController.swift */ = {isa = PBXFileReference; lastKnownFileType = sourcecode.swift; path = PostViewController.swift; sourceTree = "<group>"; };
		C2D6756C2523742E001CE5AE /* UIColor+adds.swift */ = {isa = PBXFileReference; lastKnownFileType = sourcecode.swift; path = "UIColor+adds.swift"; sourceTree = "<group>"; };
		C2EBC71D24D02F870066113D /* NetManager.swift */ = {isa = PBXFileReference; lastKnownFileType = sourcecode.swift; path = NetManager.swift; sourceTree = "<group>"; };
/* End PBXFileReference section */

/* Begin PBXFrameworksBuildPhase section */
		C2386F76249DF6EB0076AED3 /* Frameworks */ = {
			isa = PBXFrameworksBuildPhase;
			buildActionMask = 2147483647;
			files = (
			);
			runOnlyForDeploymentPostprocessing = 0;
		};
/* End PBXFrameworksBuildPhase section */

/* Begin PBXGroup section */
		C218FCEB251B5A32002F9C68 /* Splash */ = {
			isa = PBXGroup;
			children = (
				C218FCEC251B5A6A002F9C68 /* Splash.storyboard */,
				C218FCED251B5A6A002F9C68 /* SplashPresenter.swift */,
				C218FCEE251B5A6A002F9C68 /* SplashWorker.swift */,
				C218FCEF251B5A6A002F9C68 /* SplashRouter.swift */,
				C218FCF0251B5A6A002F9C68 /* SplashModels.swift */,
				C218FCF1251B5A6A002F9C68 /* SplashViewController.swift */,
				C218FCF2251B5A6A002F9C68 /* SplashInteractor.swift */,
				C218FCFB251B5B81002F9C68 /* SplashConfigurator.swift */,
			);
			path = Splash;
			sourceTree = "<group>";
		};
		C2278E79249E2F9800D9D582 /* Utils */ = {
			isa = PBXGroup;
			children = (
				C2EBC71C24D02F790066113D /* Managers */,
				C268CDC224A93A4200949C4D /* Presentation */,
				C2278E7A249E2FBA00D9D582 /* Extensions */,
				C218FD04251B8D1A002F9C68 /* ActivityIndicator.swift */,
			);
			path = Utils;
			sourceTree = "<group>";
		};
		C2278E7A249E2FBA00D9D582 /* Extensions */ = {
			isa = PBXGroup;
			children = (
				C2278E7B249E2FD100D9D582 /* UIView+adds.swift */,
				C2278E7D249E3AF700D9D582 /* Data+adds.swift */,
				C2278E89249E821900D9D582 /* String+adds.swift */,
				C2C31A53249F68AB002AAB91 /* UIImageView+adds.swift */,
				C2D6691D24A3B6F900F6731F /* UITextView+adds.swift */,
				C2A5B9EE24B37B20004BE928 /* UIViewController.swift */,
				C23ACCAD24B9B62D00882E07 /* UserDefaults+adds.swift */,
				C29A6C9824D46CF900040FF6 /* UITextField+adds.swift */,
				C23261EF24D5D73B00F670EE /* Collection+safe.swift */,
				C2D6756C2523742E001CE5AE /* UIColor+adds.swift */,
			);
			path = Extensions;
			sourceTree = "<group>";
		};
		C2278E7F249E611E00D9D582 /* PostList */ = {
			isa = PBXGroup;
			children = (
				C2278E80249E6CC000D9D582 /* PostCollectionView */,
				C2386FA0249E09B50076AED3 /* PostList.storyboard */,
				C2386FA1249E09B50076AED3 /* PostListPresenter.swift */,
				C2386FA2249E09B50076AED3 /* PostListWorker.swift */,
				C2386FA3249E09B50076AED3 /* PostListRouter.swift */,
				C2386FA4249E09B50076AED3 /* PostListModels.swift */,
				C2386FA5249E09B50076AED3 /* PostListViewController.swift */,
				C2386FA6249E09B50076AED3 /* PostListInteractor.swift */,
				C2386FAE249E09CB0076AED3 /* PostListConfigurator.swift */,
			);
			path = PostList;
			sourceTree = "<group>";
		};
		C2278E80249E6CC000D9D582 /* PostCollectionView */ = {
			isa = PBXGroup;
			children = (
				C2278E87249E783D00D9D582 /* PostListCollectionView.swift */,
				C2278E85249E77C200D9D582 /* PostListCollectionViewCell.swift */,
				C222F656252203DF0080D7DA /* PostListCollectionViewFooterView.swift */,
			);
			path = PostCollectionView;
			sourceTree = "<group>";
		};
		C23261DE24D5CA6600F670EE /* SignUp */ = {
			isa = PBXGroup;
			children = (
				C23261E024D5CA7F00F670EE /* SignUpPresenter.swift */,
				C23261E124D5CA7F00F670EE /* SignUpWorker.swift */,
				C23261E224D5CA7F00F670EE /* SignUpRouter.swift */,
				C23261E324D5CA7F00F670EE /* SignUpModels.swift */,
				C23261E424D5CA7F00F670EE /* SignUpViewController.swift */,
				C23261E524D5CA7F00F670EE /* SignUpInteractor.swift */,
				C23261ED24D5D2AA00F670EE /* SignUpConfigurator.swift */,
			);
			path = SignUp;
			sourceTree = "<group>";
		};
		C2345BF424B4F15700125976 /* Login */ = {
			isa = PBXGroup;
			children = (
				C2345BE724B4F15100125976 /* LoginPresenter.swift */,
				C2345BE824B4F15100125976 /* LoginWorker.swift */,
				C2345BE924B4F15100125976 /* LoginRouter.swift */,
				C2345BEA24B4F15100125976 /* LoginModels.swift */,
				C2345BEB24B4F15100125976 /* LoginViewController.swift */,
				C2345BEC24B4F15200125976 /* LoginInteractor.swift */,
				C2345BF524B4F17100125976 /* LoginConfigurator.swift */,
			);
			path = Login;
			sourceTree = "<group>";
		};
		C2386F70249DF6EB0076AED3 = {
			isa = PBXGroup;
			children = (
				C2386F7B249DF6EB0076AED3 /* Livsy */,
				C2386F7A249DF6EB0076AED3 /* Products */,
			);
			sourceTree = "<group>";
		};
		C2386F7A249DF6EB0076AED3 /* Products */ = {
			isa = PBXGroup;
			children = (
				C2386F79249DF6EB0076AED3 /* Livsy.app */,
			);
			name = Products;
			sourceTree = "<group>";
		};
		C2386F7B249DF6EB0076AED3 /* Livsy */ = {
			isa = PBXGroup;
			children = (
				C2278E79249E2F9800D9D582 /* Utils */,
				C2386F9F249E099F0076AED3 /* Scenes */,
				C2386F90249DF73A0076AED3 /* Services */,
				C2386F7C249DF6EB0076AED3 /* AppDelegate.swift */,
				C2386F7E249DF6EB0076AED3 /* SceneDelegate.swift */,
				C2386F80249DF6EB0076AED3 /* ViewController.swift */,
				C2386F82249DF6EB0076AED3 /* Main.storyboard */,
				C2386F85249DF6EC0076AED3 /* Assets.xcassets */,
				C2386F87249DF6EC0076AED3 /* LaunchScreen.storyboard */,
				C2386F8A249DF6EC0076AED3 /* Info.plist */,
			);
			path = Livsy;
			sourceTree = "<group>";
		};
		C2386F90249DF73A0076AED3 /* Services */ = {
			isa = PBXGroup;
			children = (
				C2386F91249DF84E0076AED3 /* Net */,
				C2386F9D249E09550076AED3 /* NetService.swift */,
			);
			path = Services;
			sourceTree = "<group>";
		};
		C2386F91249DF84E0076AED3 /* Net */ = {
			isa = PBXGroup;
			children = (
				C2386F92249DF8800076AED3 /* Headers.swift */,
				C2386F94249E03760076AED3 /* Bodies.swift */,
				C2386F99249E06740076AED3 /* Request.swift */,
				C2386F9B249E06AE0076AED3 /* Server.swift */,
			);
			path = Net;
			sourceTree = "<group>";
		};
		C2386F9F249E099F0076AED3 /* Scenes */ = {
			isa = PBXGroup;
			children = (
				C218FCEB251B5A32002F9C68 /* Splash */,
				C23261DE24D5CA6600F670EE /* SignUp */,
				C2345BF424B4F15700125976 /* Login */,
				C268CDA824A928ED00949C4D /* PostComments */,
				C2765B9424A11EE2008888B0 /* Post */,
				C2278E7F249E611E00D9D582 /* PostList */,
			);
			path = Scenes;
			sourceTree = "<group>";
		};
		C268CDA824A928ED00949C4D /* PostComments */ = {
			isa = PBXGroup;
			children = (
				C2BCF42924AB6716008C28FD /* PostComments */,
				C2BCF42824AB6704008C28FD /* PostCommentReplies */,
			);
			path = PostComments;
			sourceTree = "<group>";
		};
		C268CDBB24A929A300949C4D /* PostCommentsCollectionView */ = {
			isa = PBXGroup;
			children = (
				C268CDBE24A929E900949C4D /* PostCommentsCollectionView.swift */,
				C23D496A24AA4905007AEE32 /* PostCommentsCollectionViewCell.swift */,
			);
			path = PostCommentsCollectionView;
			sourceTree = "<group>";
		};
		C268CDC224A93A4200949C4D /* Presentation */ = {
			isa = PBXGroup;
			children = (
				C2ACD5C0251E254900204696 /* CustomTextView.swift */,
				C2C31A51249F5879002AAB91 /* WebImageView.swift */,
				C268CDC024A9380200949C4D /* BadgeBarButton.swift */,
			);
			path = Presentation;
			sourceTree = "<group>";
		};
		C2765B9424A11EE2008888B0 /* Post */ = {
			isa = PBXGroup;
			children = (
				C2765B9524A11F1A008888B0 /* Post.storyboard */,
				C2765B9624A11F1A008888B0 /* PostPresenter.swift */,
				C2765B9724A11F1A008888B0 /* PostWorker.swift */,
				C2765B9824A11F1A008888B0 /* PostRouter.swift */,
				C2765B9924A11F1A008888B0 /* PostModels.swift */,
				C2765B9B24A11F1A008888B0 /* PostInteractor.swift */,
				C2765BB124A11F59008888B0 /* PostConfigurator.swift */,
				C2D6691F24A3C3E600F6731F /* PostViewController.swift */,
			);
			path = Post;
			sourceTree = "<group>";
		};
		C2A5B9E924B364A9004BE928 /* CommentInput */ = {
			isa = PBXGroup;
			children = (
				C2A5B9EA24B364C8004BE928 /* CommentInputtextView.swift */,
				C2A5B9EC24B36545004BE928 /* CommentInputAccessoryView.swift */,
			);
			path = CommentInput;
			sourceTree = "<group>";
		};
		C2BCF42824AB6704008C28FD /* PostCommentReplies */ = {
			isa = PBXGroup;
			children = (
				C2BCF43A24AB808A008C28FD /* RepliesCollectionView */,
				C2BCF42B24AB67E8008C28FD /* PostCommentRepliesPresenter.swift */,
				C2BCF42C24AB67E8008C28FD /* PostCommentRepliesWorker.swift */,
				C2BCF42D24AB67E8008C28FD /* PostCommentRepliesRouter.swift */,
				C2BCF42E24AB67E8008C28FD /* PostCommentRepliesModels.swift */,
				C2BCF42F24AB67E8008C28FD /* PostCommentRepliesViewController.swift */,
				C2BCF43024AB67E8008C28FD /* PostCommentRepliesInteractor.swift */,
				C2BCF43824AB68D9008C28FD /* PostCommentRepliesConfigurator.swift */,
			);
			path = PostCommentReplies;
			sourceTree = "<group>";
		};
		C2BCF42924AB6716008C28FD /* PostComments */ = {
			isa = PBXGroup;
			children = (
				C2A5B9E924B364A9004BE928 /* CommentInput */,
				C268CDBB24A929A300949C4D /* PostCommentsCollectionView */,
				C268CDAA24A9290800949C4D /* PostCommentsPresenter.swift */,
				C268CDAB24A9290800949C4D /* PostCommentsWorker.swift */,
				C268CDAC24A9290800949C4D /* PostCommentsRouter.swift */,
				C268CDAD24A9290800949C4D /* PostCommentsModels.swift */,
				C268CDAE24A9290800949C4D /* PostCommentsViewController.swift */,
				C268CDAF24A9290800949C4D /* PostCommentsInteractor.swift */,
				C268CDB724A9292300949C4D /* PostCommentsConfigurator.swift */,
			);
			path = PostComments;
			sourceTree = "<group>";
		};
		C2BCF43A24AB808A008C28FD /* RepliesCollectionView */ = {
			isa = PBXGroup;
			children = (
				C2BCF43B24AB80A4008C28FD /* RepliesCollectionView.swift */,
				C2BCF43D24AB80B2008C28FD /* RepliesCollectionViewCell.swift */,
			);
			path = RepliesCollectionView;
			sourceTree = "<group>";
		};
		C2EBC71C24D02F790066113D /* Managers */ = {
			isa = PBXGroup;
			children = (
				C2EBC71D24D02F870066113D /* NetManager.swift */,
			);
			path = Managers;
			sourceTree = "<group>";
		};
/* End PBXGroup section */

/* Begin PBXNativeTarget section */
		C2386F78249DF6EB0076AED3 /* Livsy */ = {
			isa = PBXNativeTarget;
			buildConfigurationList = C2386F8D249DF6EC0076AED3 /* Build configuration list for PBXNativeTarget "Livsy" */;
			buildPhases = (
				C2386F75249DF6EB0076AED3 /* Sources */,
				C2386F76249DF6EB0076AED3 /* Frameworks */,
				C2386F77249DF6EB0076AED3 /* Resources */,
			);
			buildRules = (
			);
			dependencies = (
			);
			name = Livsy;
			productName = Livsy;
			productReference = C2386F79249DF6EB0076AED3 /* Livsy.app */;
			productType = "com.apple.product-type.application";
		};
/* End PBXNativeTarget section */

/* Begin PBXProject section */
		C2386F71249DF6EB0076AED3 /* Project object */ = {
			isa = PBXProject;
			attributes = {
				LastSwiftUpdateCheck = 1150;
				LastUpgradeCheck = 1150;
				ORGANIZATIONNAME = "Artem Mirzabekian";
				TargetAttributes = {
					C2386F78249DF6EB0076AED3 = {
						CreatedOnToolsVersion = 11.5;
					};
				};
			};
			buildConfigurationList = C2386F74249DF6EB0076AED3 /* Build configuration list for PBXProject "Livsy" */;
			compatibilityVersion = "Xcode 9.3";
			developmentRegion = en;
			hasScannedForEncodings = 0;
			knownRegions = (
				en,
				Base,
			);
			mainGroup = C2386F70249DF6EB0076AED3;
			productRefGroup = C2386F7A249DF6EB0076AED3 /* Products */;
			projectDirPath = "";
			projectRoot = "";
			targets = (
				C2386F78249DF6EB0076AED3 /* Livsy */,
			);
		};
/* End PBXProject section */

/* Begin PBXResourcesBuildPhase section */
		C2386F77249DF6EB0076AED3 /* Resources */ = {
			isa = PBXResourcesBuildPhase;
			buildActionMask = 2147483647;
			files = (
				C2386FA7249E09B50076AED3 /* PostList.storyboard in Resources */,
				C2386F89249DF6EC0076AED3 /* LaunchScreen.storyboard in Resources */,
				C2386F86249DF6EC0076AED3 /* Assets.xcassets in Resources */,
				C2765B9C24A11F1A008888B0 /* Post.storyboard in Resources */,
				C2386F84249DF6EB0076AED3 /* Main.storyboard in Resources */,
				C218FCF3251B5A6A002F9C68 /* Splash.storyboard in Resources */,
			);
			runOnlyForDeploymentPostprocessing = 0;
		};
/* End PBXResourcesBuildPhase section */

/* Begin PBXSourcesBuildPhase section */
		C2386F75249DF6EB0076AED3 /* Sources */ = {
			isa = PBXSourcesBuildPhase;
			buildActionMask = 2147483647;
			files = (
				C2A5B9EB24B364C8004BE928 /* CommentInputtextView.swift in Sources */,
				C2BCF43624AB67E8008C28FD /* PostCommentRepliesViewController.swift in Sources */,
				C218FCF5251B5A6A002F9C68 /* SplashWorker.swift in Sources */,
				C268CDB524A9290800949C4D /* PostCommentsViewController.swift in Sources */,
				C218FD05251B8D1A002F9C68 /* ActivityIndicator.swift in Sources */,
				C2386F93249DF8800076AED3 /* Headers.swift in Sources */,
				C268CDB424A9290800949C4D /* PostCommentsModels.swift in Sources */,
				C2386F81249DF6EB0076AED3 /* ViewController.swift in Sources */,
				C2C31A54249F68AB002AAB91 /* UIImageView+adds.swift in Sources */,
				C2765B9E24A11F1A008888B0 /* PostWorker.swift in Sources */,
				C218FCF8251B5A6A002F9C68 /* SplashViewController.swift in Sources */,
				C23ACCAE24B9B62D00882E07 /* UserDefaults+adds.swift in Sources */,
				C23261EB24D5CA7F00F670EE /* SignUpViewController.swift in Sources */,
				C2345BF024B4F15200125976 /* LoginRouter.swift in Sources */,
				C2345BF124B4F15200125976 /* LoginModels.swift in Sources */,
				C2765B9F24A11F1A008888B0 /* PostRouter.swift in Sources */,
				C2386F95249E03760076AED3 /* Bodies.swift in Sources */,
				C268CDB824A9292300949C4D /* PostCommentsConfigurator.swift in Sources */,
				C2386F9E249E09550076AED3 /* NetService.swift in Sources */,
				C2BCF43324AB67E8008C28FD /* PostCommentRepliesWorker.swift in Sources */,
				C2BCF43E24AB80B2008C28FD /* RepliesCollectionViewCell.swift in Sources */,
				C2278E88249E783D00D9D582 /* PostListCollectionView.swift in Sources */,
				C23261E724D5CA7F00F670EE /* SignUpPresenter.swift in Sources */,
				C2765BA224A11F1A008888B0 /* PostInteractor.swift in Sources */,
				C2386F9A249E06740076AED3 /* Request.swift in Sources */,
				C2386FAC249E09B50076AED3 /* PostListViewController.swift in Sources */,
				C2386FAB249E09B50076AED3 /* PostListModels.swift in Sources */,
				C2BCF43C24AB80A4008C28FD /* RepliesCollectionView.swift in Sources */,
				C218FCF4251B5A6A002F9C68 /* SplashPresenter.swift in Sources */,
				C2EBC71E24D02F870066113D /* NetManager.swift in Sources */,
				C23261F024D5D73B00F670EE /* Collection+safe.swift in Sources */,
				C2386F7D249DF6EB0076AED3 /* AppDelegate.swift in Sources */,
				C268CDB624A9290800949C4D /* PostCommentsInteractor.swift in Sources */,
				C2BCF43724AB67E8008C28FD /* PostCommentRepliesInteractor.swift in Sources */,
				C2345BEF24B4F15200125976 /* LoginWorker.swift in Sources */,
				C218FCF6251B5A6A002F9C68 /* SplashRouter.swift in Sources */,
				C222F657252203DF0080D7DA /* PostListCollectionViewFooterView.swift in Sources */,
				C2BCF43524AB67E8008C28FD /* PostCommentRepliesModels.swift in Sources */,
				C2ACD5C1251E254900204696 /* CustomTextView.swift in Sources */,
				C2386FAA249E09B50076AED3 /* PostListRouter.swift in Sources */,
				C2BCF43224AB67E8008C28FD /* PostCommentRepliesPresenter.swift in Sources */,
				C23D496B24AA4905007AEE32 /* PostCommentsCollectionViewCell.swift in Sources */,
				C268CDC124A9380200949C4D /* BadgeBarButton.swift in Sources */,
				C23261EE24D5D2AA00F670EE /* SignUpConfigurator.swift in Sources */,
				C2765BB224A11F59008888B0 /* PostConfigurator.swift in Sources */,
				C2345BF324B4F15200125976 /* LoginInteractor.swift in Sources */,
				C268CDBF24A929E900949C4D /* PostCommentsCollectionView.swift in Sources */,
				C2C31A52249F5879002AAB91 /* WebImageView.swift in Sources */,
				C218FCFC251B5B81002F9C68 /* SplashConfigurator.swift in Sources */,
				C2278E8A249E821900D9D582 /* String+adds.swift in Sources */,
				C2D6691E24A3B6F900F6731F /* UITextView+adds.swift in Sources */,
				C2278E86249E77C200D9D582 /* PostListCollectionViewCell.swift in Sources */,
				C2A5B9ED24B36545004BE928 /* CommentInputAccessoryView.swift in Sources */,
				C2386F9C249E06AE0076AED3 /* Server.swift in Sources */,
				C268CDB224A9290800949C4D /* PostCommentsWorker.swift in Sources */,
				C29A6C9924D46CF900040FF6 /* UITextField+adds.swift in Sources */,
				C2D6756D2523742E001CE5AE /* UIColor+adds.swift in Sources */,
				C268CDB324A9290800949C4D /* PostCommentsRouter.swift in Sources */,
				C2386F7F249DF6EB0076AED3 /* SceneDelegate.swift in Sources */,
				C2345BF224B4F15200125976 /* LoginViewController.swift in Sources */,
				C2765B9D24A11F1A008888B0 /* PostPresenter.swift in Sources */,
				C23261EC24D5CA7F00F670EE /* SignUpInteractor.swift in Sources */,
				C2386FA8249E09B50076AED3 /* PostListPresenter.swift in Sources */,
				C2278E7C249E2FD100D9D582 /* UIView+adds.swift in Sources */,
				C2D6692024A3C3E600F6731F /* PostViewController.swift in Sources */,
				C2BCF43424AB67E8008C28FD /* PostCommentRepliesRouter.swift in Sources */,
				C268CDB124A9290800949C4D /* PostCommentsPresenter.swift in Sources */,
				C2386FAD249E09B50076AED3 /* PostListInteractor.swift in Sources */,
				C218FCF7251B5A6A002F9C68 /* SplashModels.swift in Sources */,
				C2A5B9EF24B37B20004BE928 /* UIViewController.swift in Sources */,
				C2386FA9249E09B50076AED3 /* PostListWorker.swift in Sources */,
				C2BCF43924AB68D9008C28FD /* PostCommentRepliesConfigurator.swift in Sources */,
				C218FCF9251B5A6A002F9C68 /* SplashInteractor.swift in Sources */,
				C2278E7E249E3AF700D9D582 /* Data+adds.swift in Sources */,
				C2386FAF249E09CB0076AED3 /* PostListConfigurator.swift in Sources */,
				C23261E924D5CA7F00F670EE /* SignUpRouter.swift in Sources */,
				C2345BF624B4F17100125976 /* LoginConfigurator.swift in Sources */,
				C23261E824D5CA7F00F670EE /* SignUpWorker.swift in Sources */,
				C2765BA024A11F1A008888B0 /* PostModels.swift in Sources */,
				C2345BEE24B4F15200125976 /* LoginPresenter.swift in Sources */,
				C23261EA24D5CA7F00F670EE /* SignUpModels.swift in Sources */,
			);
			runOnlyForDeploymentPostprocessing = 0;
		};
/* End PBXSourcesBuildPhase section */

/* Begin PBXVariantGroup section */
		C2386F82249DF6EB0076AED3 /* Main.storyboard */ = {
			isa = PBXVariantGroup;
			children = (
				C2386F83249DF6EB0076AED3 /* Base */,
			);
			name = Main.storyboard;
			sourceTree = "<group>";
		};
		C2386F87249DF6EC0076AED3 /* LaunchScreen.storyboard */ = {
			isa = PBXVariantGroup;
			children = (
				C2386F88249DF6EC0076AED3 /* Base */,
			);
			name = LaunchScreen.storyboard;
			sourceTree = "<group>";
		};
/* End PBXVariantGroup section */

/* Begin XCBuildConfiguration section */
		C2386F8B249DF6EC0076AED3 /* Debug */ = {
			isa = XCBuildConfiguration;
			buildSettings = {
				ALWAYS_SEARCH_USER_PATHS = NO;
				CLANG_ANALYZER_NONNULL = YES;
				CLANG_ANALYZER_NUMBER_OBJECT_CONVERSION = YES_AGGRESSIVE;
				CLANG_CXX_LANGUAGE_STANDARD = "gnu++14";
				CLANG_CXX_LIBRARY = "libc++";
				CLANG_ENABLE_MODULES = YES;
				CLANG_ENABLE_OBJC_ARC = YES;
				CLANG_ENABLE_OBJC_WEAK = YES;
				CLANG_WARN_BLOCK_CAPTURE_AUTORELEASING = YES;
				CLANG_WARN_BOOL_CONVERSION = YES;
				CLANG_WARN_COMMA = YES;
				CLANG_WARN_CONSTANT_CONVERSION = YES;
				CLANG_WARN_DEPRECATED_OBJC_IMPLEMENTATIONS = YES;
				CLANG_WARN_DIRECT_OBJC_ISA_USAGE = YES_ERROR;
				CLANG_WARN_DOCUMENTATION_COMMENTS = YES;
				CLANG_WARN_EMPTY_BODY = YES;
				CLANG_WARN_ENUM_CONVERSION = YES;
				CLANG_WARN_INFINITE_RECURSION = YES;
				CLANG_WARN_INT_CONVERSION = YES;
				CLANG_WARN_NON_LITERAL_NULL_CONVERSION = YES;
				CLANG_WARN_OBJC_IMPLICIT_RETAIN_SELF = YES;
				CLANG_WARN_OBJC_LITERAL_CONVERSION = YES;
				CLANG_WARN_OBJC_ROOT_CLASS = YES_ERROR;
				CLANG_WARN_RANGE_LOOP_ANALYSIS = YES;
				CLANG_WARN_STRICT_PROTOTYPES = YES;
				CLANG_WARN_SUSPICIOUS_MOVE = YES;
				CLANG_WARN_UNGUARDED_AVAILABILITY = YES_AGGRESSIVE;
				CLANG_WARN_UNREACHABLE_CODE = YES;
				CLANG_WARN__DUPLICATE_METHOD_MATCH = YES;
				COPY_PHASE_STRIP = NO;
				DEBUG_INFORMATION_FORMAT = dwarf;
				ENABLE_STRICT_OBJC_MSGSEND = YES;
				ENABLE_TESTABILITY = YES;
				GCC_C_LANGUAGE_STANDARD = gnu11;
				GCC_DYNAMIC_NO_PIC = NO;
				GCC_NO_COMMON_BLOCKS = YES;
				GCC_OPTIMIZATION_LEVEL = 0;
				GCC_PREPROCESSOR_DEFINITIONS = (
					"DEBUG=1",
					"$(inherited)",
				);
				GCC_WARN_64_TO_32_BIT_CONVERSION = YES;
				GCC_WARN_ABOUT_RETURN_TYPE = YES_ERROR;
				GCC_WARN_UNDECLARED_SELECTOR = YES;
				GCC_WARN_UNINITIALIZED_AUTOS = YES_AGGRESSIVE;
				GCC_WARN_UNUSED_FUNCTION = YES;
				GCC_WARN_UNUSED_VARIABLE = YES;
				IPHONEOS_DEPLOYMENT_TARGET = 13.5;
				MTL_ENABLE_DEBUG_INFO = INCLUDE_SOURCE;
				MTL_FAST_MATH = YES;
				ONLY_ACTIVE_ARCH = YES;
				SDKROOT = iphoneos;
				SWIFT_ACTIVE_COMPILATION_CONDITIONS = DEBUG;
				SWIFT_OPTIMIZATION_LEVEL = "-Onone";
			};
			name = Debug;
		};
		C2386F8C249DF6EC0076AED3 /* Release */ = {
			isa = XCBuildConfiguration;
			buildSettings = {
				ALWAYS_SEARCH_USER_PATHS = NO;
				CLANG_ANALYZER_NONNULL = YES;
				CLANG_ANALYZER_NUMBER_OBJECT_CONVERSION = YES_AGGRESSIVE;
				CLANG_CXX_LANGUAGE_STANDARD = "gnu++14";
				CLANG_CXX_LIBRARY = "libc++";
				CLANG_ENABLE_MODULES = YES;
				CLANG_ENABLE_OBJC_ARC = YES;
				CLANG_ENABLE_OBJC_WEAK = YES;
				CLANG_WARN_BLOCK_CAPTURE_AUTORELEASING = YES;
				CLANG_WARN_BOOL_CONVERSION = YES;
				CLANG_WARN_COMMA = YES;
				CLANG_WARN_CONSTANT_CONVERSION = YES;
				CLANG_WARN_DEPRECATED_OBJC_IMPLEMENTATIONS = YES;
				CLANG_WARN_DIRECT_OBJC_ISA_USAGE = YES_ERROR;
				CLANG_WARN_DOCUMENTATION_COMMENTS = YES;
				CLANG_WARN_EMPTY_BODY = YES;
				CLANG_WARN_ENUM_CONVERSION = YES;
				CLANG_WARN_INFINITE_RECURSION = YES;
				CLANG_WARN_INT_CONVERSION = YES;
				CLANG_WARN_NON_LITERAL_NULL_CONVERSION = YES;
				CLANG_WARN_OBJC_IMPLICIT_RETAIN_SELF = YES;
				CLANG_WARN_OBJC_LITERAL_CONVERSION = YES;
				CLANG_WARN_OBJC_ROOT_CLASS = YES_ERROR;
				CLANG_WARN_RANGE_LOOP_ANALYSIS = YES;
				CLANG_WARN_STRICT_PROTOTYPES = YES;
				CLANG_WARN_SUSPICIOUS_MOVE = YES;
				CLANG_WARN_UNGUARDED_AVAILABILITY = YES_AGGRESSIVE;
				CLANG_WARN_UNREACHABLE_CODE = YES;
				CLANG_WARN__DUPLICATE_METHOD_MATCH = YES;
				COPY_PHASE_STRIP = NO;
				DEBUG_INFORMATION_FORMAT = "dwarf-with-dsym";
				ENABLE_NS_ASSERTIONS = NO;
				ENABLE_STRICT_OBJC_MSGSEND = YES;
				GCC_C_LANGUAGE_STANDARD = gnu11;
				GCC_NO_COMMON_BLOCKS = YES;
				GCC_WARN_64_TO_32_BIT_CONVERSION = YES;
				GCC_WARN_ABOUT_RETURN_TYPE = YES_ERROR;
				GCC_WARN_UNDECLARED_SELECTOR = YES;
				GCC_WARN_UNINITIALIZED_AUTOS = YES_AGGRESSIVE;
				GCC_WARN_UNUSED_FUNCTION = YES;
				GCC_WARN_UNUSED_VARIABLE = YES;
				IPHONEOS_DEPLOYMENT_TARGET = 13.5;
				MTL_ENABLE_DEBUG_INFO = NO;
				MTL_FAST_MATH = YES;
				SDKROOT = iphoneos;
				SWIFT_COMPILATION_MODE = wholemodule;
				SWIFT_OPTIMIZATION_LEVEL = "-O";
				VALIDATE_PRODUCT = YES;
			};
			name = Release;
		};
		C2386F8E249DF6EC0076AED3 /* Debug */ = {
			isa = XCBuildConfiguration;
			buildSettings = {
				ASSETCATALOG_COMPILER_APPICON_NAME = AppIcon;
				CODE_SIGN_STYLE = Automatic;
				DEVELOPMENT_TEAM = GWLC7B32AQ;
				INFOPLIST_FILE = Livsy/Info.plist;
				LD_RUNPATH_SEARCH_PATHS = (
					"$(inherited)",
					"@executable_path/Frameworks",
				);
				PRODUCT_BUNDLE_IDENTIFIER = AM.Livsy;
				PRODUCT_NAME = "$(TARGET_NAME)";
				SWIFT_VERSION = 5.0;
				TARGETED_DEVICE_FAMILY = "1,2";
			};
			name = Debug;
		};
		C2386F8F249DF6EC0076AED3 /* Release */ = {
			isa = XCBuildConfiguration;
			buildSettings = {
				ASSETCATALOG_COMPILER_APPICON_NAME = AppIcon;
				CODE_SIGN_STYLE = Automatic;
				DEVELOPMENT_TEAM = GWLC7B32AQ;
				INFOPLIST_FILE = Livsy/Info.plist;
				LD_RUNPATH_SEARCH_PATHS = (
					"$(inherited)",
					"@executable_path/Frameworks",
				);
				PRODUCT_BUNDLE_IDENTIFIER = AM.Livsy;
				PRODUCT_NAME = "$(TARGET_NAME)";
				SWIFT_VERSION = 5.0;
				TARGETED_DEVICE_FAMILY = "1,2";
			};
			name = Release;
		};
/* End XCBuildConfiguration section */

/* Begin XCConfigurationList section */
		C2386F74249DF6EB0076AED3 /* Build configuration list for PBXProject "Livsy" */ = {
			isa = XCConfigurationList;
			buildConfigurations = (
				C2386F8B249DF6EC0076AED3 /* Debug */,
				C2386F8C249DF6EC0076AED3 /* Release */,
			);
			defaultConfigurationIsVisible = 0;
			defaultConfigurationName = Release;
		};
		C2386F8D249DF6EC0076AED3 /* Build configuration list for PBXNativeTarget "Livsy" */ = {
			isa = XCConfigurationList;
			buildConfigurations = (
				C2386F8E249DF6EC0076AED3 /* Debug */,
				C2386F8F249DF6EC0076AED3 /* Release */,
			);
			defaultConfigurationIsVisible = 0;
			defaultConfigurationName = Release;
		};
/* End XCConfigurationList section */
	};
	rootObject = C2386F71249DF6EB0076AED3 /* Project object */;
}
